github.com/gptscript-ai/chat-completion-client v0.0.0-20250123123106-c86554320789 h1:rfriXe+FFqZ5fZ+wGzLUivrq7Fyj2xfRdZjDsHf6Ps0=
github.com/gptscript-ai/chat-completion-client v0.0.0-20250123123106-c86554320789/go.mod h1:7P/o6/IWa1KqsntVf68hSnLKuu3+xuqm6lYhch1w4jo=
github.com/obot-platform/tools/openai-model-provider v0.0.0-20250327233502-e281d9bc8d01 h1:EHuO9lklHtcQM6rbvFftXBhLYWHyxjtJ2U9jtisgnok=
github.com/obot-platform/tools/openai-model-provider v0.0.0-20250327233502-e281d9bc8d01/go.mod h1:Cu5QvjNTIpjldsG0LASkAPMKNBV090IUcSxqqwbWmLg=
