github.com/pkg/errors v0.9.1 h1:FEBLx1zS214owpjy7qsBeixbURkuhQAwrK5UwLGTwt4=
github.com/pkg/errors v0.9.1/go.mod h1:bwawxfHBFNV+L2hUp1rHADufV3IMtnDRdf1r5NINEl0=
github.com/travis-g/dice v0.0.0-20240426015834-4e95258df453 h1:qAtlSxGsluspg9Y4ORagsMVwgi5TqBJWphHV5UdvBCM=
github.com/travis-g/dice v0.0.0-20240426015834-4e95258df453/go.mod h1:+lVHixBi/3xTQTclocBAhiroWtnpPkWNLnMe5sJnCkY=
